# NOTE (post-cleanup): ai_d01, ca_d08 and nw_d01 were removed from domains/ as
# too easy to carry forward. Task ids below are the PHASE 0 RECORD of what was
# vendored and why, and are deliberately NOT edited -- rewriting them would
# falsify provenance. The vendored repos they name are still present and still
# used by other tasks. See RESULTS_ARCHIVE_V2_TASKS.md.
# refs.lock — Phase 0 output. Generated 2026-08-14.
#
# Pinned, licence-verified, elaboration-checked reference set for all 41 tasks.
# Everything after Phase 0 is offline. Nothing here may be re-fetched.

generated: 2026-08-14
verilator: "5.046 2026-02-28 rev vUNKNOWN-built20260228"
icarus: "13.0 (stable) v13_0"
yosys_host: "0.67+post (b8e7da6f)"
formal: "eqy + sby v0.67 inside openroad/orfs:latest (read_slang frontend); no host install"
scratch_dir: /Users/jackberkowitz/hw_rl_benchmark_refs_scratch

# ---------------------------------------------------------------------------
# VENDORED (in refs/, committed)
# ---------------------------------------------------------------------------
repos:
  - repo: https://github.com/bespoke-silicon-group/basejump_stl
    sha: b48037e28544425839dbd617d45b1a82631bc1a9
    licence: SHL-0.51          # catalog predicted BSD-3 — WRONG, still permissive
    licence_verified: true
    mode: vendor
    vendored_to: refs/basejump_stl/
    tasks: [ca_d01, ca_d03, ca_d05, nw_d05, ca_v06]
    path_correction: "ALL files are .sv upstream, catalog said .v"
    elaborates: true           # requires explicit -G params (BSG_INV_PARAM style)
    semantic_confirmed: partial   # ca_d03 YES, nw_d05 NO — see task_status

  - repo: https://github.com/pulp-platform/common_cells
    sha: 9ca8a7655f741e7dd5736669a20a301325194c28   # tag v1.39.0
    licence: SHL-0.51
    licence_verified: true
    mode: vendor
    vendored_to: refs/common_cells/
    tasks: [ca_v01, ca_v02, ca_v03]
    pin_reason: >
      master is a v2.0.0-beta refactor that prefixes every module cc_* and
      introduces cc_pkg. Every consumer in this manifest (axi 1.39.0, cvfpu
      1.21.0, idma 1.33.0, redmule 1.38.0, hwpe-* 1.39) requires the 1.x API.
      Vendoring master would have broken all of them. Pinned to v1.39.0, the
      lowest tag satisfying every consumer.
    elaborates: true
    semantic_confirmed: true

  - repo: https://github.com/pulp-platform/axi
    sha: 4da15979747f326bde2f9869c64e587ce599772c
    licence: SHL-0.51
    licence_verified: true
    mode: vendor
    vendored_to: refs/axi/
    tasks: [nw_d02, nw_v01, nw_v02, nw_v03]
    elaborates: partial        # xbar OK; id_remap/atop_filter need concrete types
    semantic_confirmed: true   # and nw_d02 is confirmed NOT what the catalog says

  - repo: https://github.com/pulp-platform/cvfpu
    sha: 6e5267e2fe75198f91ef9304ddd56c0028eea526
    licence: SHL-0.51          # per-file SPDX; repo has NO top-level LICENSE
    licence_verified: true
    licence_note: "vendor/opene906 subtree is Apache-2.0 -> dsp_v02 SURVIVES"
    mode: vendor
    vendored_to: refs/cvfpu/
    tasks: [dsp_d04, dsp_v01, dsp_v02, dsp_v03]
    elaborates: true           # all three tops lint clean
    semantic_confirmed: true

  - repo: https://github.com/pulp-platform/fpu_div_sqrt_mvp
    sha: 917dd79cb2dc1a8f43df1a84e0e4231508a980e9
    licence: SHL-0.51
    licence_verified: true
    mode: vendor
    vendored_to: refs/fpu_div_sqrt_mvp/
    tasks: [dsp_v02]
    added_in_phase0: true
    reason: "defines div_sqrt_top_mvp, instantiated by fpnew_divsqrt_multi; not in cvfpu"

  - repo: https://github.com/pulp-platform/hwpe-stream
    sha: 24ce836892e244ac00ce607d26a3b3df8650dbff
    licence: SHL-0.51
    licence_verified: true
    mode: vendor
    vendored_to: refs/hwpe-stream/
    tasks: [ai_d04, ai_v02]
    path_correction: "hwpe_stream_fifo.sv is rtl/fifo/, not rtl/basic/"
    elaborates: true
    semantic_confirmed: true

  - repo: https://github.com/pulp-platform/ne16
    sha: 6bd727206d49e5febbe4d1037eda91d064d203e1
    licence: SHL-0.51          # LICENSE.hw / LICENSE.sw, no plain LICENSE
    licence_verified: true
    mode: vendor
    vendored_to: refs/ne16/
    tasks: [ai_d02]
    path_correction: "no ne16_compute_array.sv; array is ne16_binconv_{array,block,column}.sv"
    elaborates: false          # needs cluster_clock_gating, absent from all clones
    semantic_confirmed: false  # binary-conv oriented, NOT a plain INT8 OS MAC tile

  - repo: https://github.com/pulp-platform/redmule
    sha: 7fa9fbe8a29e8572810ae12b92c19749045ac860
    licence: SHL-0.51
    licence_verified: true
    mode: vendor
    vendored_to: refs/redmule/
    tasks: [ai_v03]
    elaborates: false          # needs fpnew_pkg + tc_clk_gating wiring

  - repo: https://github.com/pulp-platform/idma
    sha: 3c0cc3fbaa8f4b35f82cc028b795cb12c35f90d9
    licence: SHL-0.51
    licence_verified: true
    mode: vendor
    vendored_to: refs/idma/
    tasks: [ai_v01]
    generated_rtl: true
    generator_versions: {mako: "1.4.1", pyyaml: "6.0.3", python: "3.14.4"}
    generation_deterministic: true    # regeneration is byte-identical, sha256 confirmed
    generated_sha256: d386c77e561783c5   # first 16 hex of idma_backend_rw_axi.sv
    generation_note: >
      No checked-in idma_backend.sv — it is mako-templated. Generation runs
      FULLY OFFLINE (util/gen_idma.py + src/db/*.yml + src/backend/tpl/).
      Generated refs/idma/generated/idma_backend_rw_axi.sv (705 lines) during
      the network window; generator, templates and DB inputs are vendored so
      it is reproducible. ai_v01 is NOT cut.
    module_name: idma_backend_rw_axi    # not "idma_backend"
    elaborates: false          # type-parameterized; needs concrete-type wrapper

  # PULP support repos — dependency closure, added in Phase 0 under your
  # standing authorization. All SHL-0.51, all dependencies not anchors.
  - {repo: https://github.com/pulp-platform/hwpe-ctrl, sha: 558fe3db3413909878c03aed543257d94a57bae5, licence: SHL-0.51, licence_verified: true, mode: vendor, vendored_to: refs/hwpe-ctrl/, reason: redmule/ne16 dependency, added_in_phase0: true}
  - {repo: https://github.com/pulp-platform/hci, sha: d6a4872b6327a4da7749cd0c4ac8bd24e1b0d73b, licence: SHL-0.51, licence_verified: true, mode: vendor, vendored_to: refs/hci/, reason: "hci_package, required by ne16+redmule", added_in_phase0: true}
  - {repo: https://github.com/pulp-platform/tech_cells_generic, sha: 81dc29f14024343e8c14a674718121517d729549, licence: SHL-0.51, licence_verified: true, mode: vendor, vendored_to: refs/tech_cells_generic/, reason: "tc_clk_gating etc.", added_in_phase0: true}

  - repo: https://github.com/nvdla/hw
    sha: 8e06b1b9d85aab65b40d43d08eec5ea4681ff715
    licence: NVIDIA Open HW
    licence_verified: true
    mode: vendor
    vendored_to: refs/nvdla_hw/
    tasks: [ai_v04, ai_d01, ai_d02]
    path_correction: "there is NO nv_small/ directory; RTL lives at vmod/nvdla/<unit>/"
    elaborates: not_checked    # Verilog-2001 multi-file assembly, Part 2 scope

  - repo: https://github.com/alexforencich/verilog-axis
    sha: 48ff7a7e2ef782cf778d47910cf85835c64b1bce
    licence: MIT
    licence_verified: true
    mode: vendor
    vendored_to: refs/verilog-axis/
    tasks: [nw_d01, nw_v05]
    elaborates: true
    semantic_confirmed: true

  - repo: https://github.com/alexforencich/verilog-ethernet
    sha: 77320a9471d19c7dd383914bc049e02d9f4f1ffb
    licence: MIT
    licence_verified: true
    mode: vendor
    vendored_to: refs/verilog-ethernet/
    tasks: [nw_d03, nw_d04, nw_v04, nw_v06]
    path_correction: >
      eth_mac_1g_rx.v does not exist. The 1G receive datapath is
      rtl/axis_gmii_rx.v (wrapped by rtl/eth_mac_1g.v). nw_v06 re-anchored.
    elaborates: true
    semantic_confirmed: true   # lfsr.v documents CRC32 Ethernet FCS 32'h04c11db7

  - repo: https://github.com/openhwgroup/cva6
    sha: 6cb200105fb9441d170e45786125a737fab98e91
    licence: SHL-0.51          # catalog predicted Apache-2.0 — WRONG for core/
    licence_verified: true
    mode: vendor
    vendored_to: refs/cva6/
    tasks: [ca_d02, ca_d04, ca_d05, ca_d06, ca_v04, ca_v05, ca_v07]
    path_corrections:
      - "core/mmu_sv39/tlb.sv -> core/cva6_mmu/cva6_tlb.sv"
      - "core/ariane_regfile_ff.sv declares module `ariane_regfile`, not `ariane_regfile_ff`"
    elaborates: partial        # serdiv + ariane_regfile clean; rest need concrete types
    semantic_confirmed: true

# ---------------------------------------------------------------------------
# NOT VENDORED — consulted in scratch only
# ---------------------------------------------------------------------------
  - repo: https://github.com/lowRISC/opentitan
    sha: e6fb888ff636ad15425df7316b6429a9f3d336b0
    licence: Apache-2.0
    licence_verified: true
    mode: cross_check_only     # contamination exclusion, not a licence one
    vendored_to: null
    tasks: [ca_d07]

  - repo: https://github.com/ZipCPU/cordic
    sha: 8ede08a1865d87a357a3a2c188206e843dd9bde6
    licence: GPL-3.0-or-later  # confirmed in rtl/cordic.v header
    licence_verified: true
    mode: model_of_record
    vendored_to: null
    tasks: [dsp_d01]

  - repo: https://github.com/ZipCPU/dspfilters
    sha: 16d7dc3b23af167759693da9caff7c7111805873
    licence: LGPL              # confirmed in rtl/subfildown.v header
    licence_verified: true
    mode: model_of_record
    vendored_to: null
    tasks: [dsp_d02]

  - repo: https://github.com/olofk/serv
    sha: 41e8aeedfd1e9ad5f95902c5b0dfc83d1c99e5d2
    licence: ISC
    licence_verified: true
    mode: cross_check_only
    vendored_to: null
    tasks: [ca_d08]

  - repo: https://github.com/darklife/darkriscv
    sha: 4aa437997cd35253c9111f10a449de13ccaeee78
    licence: BSD
    licence_verified: true
    mode: cross_check_only
    vendored_to: null
    tasks: [ca_d08]
    note: "both cloned per your approval; usable-oracle choice made empirically in ca_d08"

# ---------------------------------------------------------------------------
# TASK STATUS
# ---------------------------------------------------------------------------
# ---------------------------------------------------------------------------
# CATALOG v3 (hard rebuild) -- anchor availability audit, 2026-08-14
# ---------------------------------------------------------------------------
# All 32 v3 anchors resolve inside the 21 repos pinned above. NO network was
# needed and none is available. 29 were already in refs/; 3 existed only in the
# local full clones under scratch_dir and were copied across at the SAME pinned
# SHAs:
#   d_nw03  verilog-axis/rtl/axis_switch.v      (+ axis_demux, axis_register, axis_fifo)
#   v_nw04  verilog-ethernet/rtl/ptp_clock.v    (+ ptp_clock_cdc, ptp_perout, ptp_td_leaf)
#   d_ai02  nvdla_hw/vmod/nvdla/cacc + cdma     (40 files)
# All three elaborate standalone. Recorded so the tree is self-sufficient if the
# scratch clones are ever deleted.
v3_anchor_audit:
  anchors_total: 32
  resolved_in_refs: 32
  required_network: false
  newly_vendored_from_scratch: [axis_switch, ptp_clock, nvdla_cacc, nvdla_cdma]

task_status:
  # --- cut before Phase 0 ---
  dsp_v04: {cut: true, reason: model_of_record_not_valid_for_verification}

  # --- semantic mismatches: RESOLVED. Governing principle: the spec follows
  #     the reference, never the reverse. ---
  nw_d02:
    semantic_confirmed: false
    finding: >
      axi_burst_splitter's own docstring reads "Split AXI4 bursts into
      single-beat transactions." Zero occurrences of 4096 / 0x1000 / page.
    decision: RESTATED_AS_BEAT_SPLITTING
    anchor_retained: refs/axi/src/axi_burst_splitter.sv
    note: >
      A 4 KiB-boundary variant is a possible harder task later, with this module
      as a CORRECTNESS but not OPTIMALITY reference: single-beat splitting
      trivially satisfies a 4 KiB constraint, so it passes a 4 KiB TB without
      being a minimal solution. Recorded in the task NOTES.md when built.
  nw_d05:
    semantic_confirmed: false
    finding: >
      "credit" appears ZERO times in bsg_wormhole_router*.sv, and bsg_noc has NO
      virtual-channel concept at all. All three candidate re-anchors
      (bsg_wormhole_concentrator_in, bsg_router_crossbar_o_by_i,
      bsg_mesh_router_buffered) merely gate on a use_credits_p parameter and emit
      a delayed yumi as a credit RETURN — none counts credits. Real credit
      counting lives in bsg_flow_counter / bsg_ready_to_credit_flow_converter,
      which are not wormhole modules.
    decision: RESTATED_AS_READY_VALID_YUMI    # fallback path, none of the 3 was a clean fit
    anchor: refs/basejump_stl/bsg_noc/bsg_wormhole_router{,_input_control,_output_control}.sv
    spec_changes: ["drop 'credit'", "drop 'per-VC'", "keep head/body/tail flit tracking (real, in _input_control flit counter)"]
  ai_d02:
    semantic_confirmed: false
    finding: >
      BOTH catalog anchors rejected. ne16 array is ne16_binconv_* (binary/mixed
      precision, not INT8 OS) and fails to elaborate (cluster_clock_gating absent
      from every approved repo). NVDLA CMAC carries 297 fp16/Winograd references
      — a multi-precision Winograd convolution MAC — and its project-spec macro
      headers are not in the tree, so it needs NVDLA's build flow to elaborate.
      Neither admits a thin shim.
    decision: MODEL_OF_RECORD_DESIGN_TASK     # NOT converted to verification
    oracle: "locally-written bit-exact Python model of the 4x4 OS INT8 tile + committed vectors"
    class: B
    second_source: true                       # stays on the mandatory list
    ne16_status: "vendored but no longer an anchor (redmule closure may want it)"

  # --- semantic confirmations (reference IS what the catalog claims) ---
  ca_d03: {semantic_confirmed: true, evidence: "mhu has is_secondary (tag&index match vs in-flight) + 'Dequeue and process secondary miss'"}
  nw_d01: {semantic_confirmed: true, evidence: "43 tkeep/tlast refs in axis_adapter.v"}
  nw_d03: {semantic_confirmed: true, evidence: "lfsr.v documents CRC32 Galois 32'h04c11db7, Ethernet FCS, invert final"}
  dsp_d04: {semantic_confirmed: true, evidence: "fpnew_pkg carries FP16ALT/bf16 + RNE round modes"}

  # --- shim feasibility (PROVISIONAL: from elaboration + coupling evidence) ---
  ca_d01: {shim_feasible: true,  note: "bsg_cache lints clean with concrete params; flat bsg-style ports"}
  ca_d02: {shim_feasible: false, converted_to: verification, note: "fails standalone elab; type-parameterized dcache/MMU structs — as predicted"}
  ca_d03: {shim_feasible: true,  note: "mhu + miss_fifo both lint clean with concrete params"}
  ca_d04: {shim_feasible: false, converted_to: verification, note: "bht/btb config-dependent bit ranges, ras struct member call — as predicted"}
  ca_d05: {shim_feasible: true,  note: "ariane_regfile lints clean"}
  ca_d06: {shim_feasible: false, converted_to: verification, note: "SWING TASK — store_buffer needs concrete dcache req/rsp types"}
  ca_d07: {mode: cross_check_only, shim: n/a}
  ca_d08: {mode: local_model, shim: n/a}

conversion_count: 3    # ca_d02, ca_d04, ca_d06 — AT your limit, not over it.
conversion_rule: "3 or fewer -> convert and continue. 4 -> CVA6 was the wrong anchor, stop."

# ==========================================================================
# PER-FILE SHA-256 -- ADDED 2026-08-17
# ==========================================================================
# WHAT THESE ATTEST, AND WHAT THEY DO NOT.
#
# They attest LOCAL STATE: the bytes on this disk when they were computed.
# THEY ARE NOT PROVENANCE. Nothing here has been checked against upstream at
# the pinned SHAs, and with egress closed nothing here CAN be -- so a file
# corrupted, patched or mis-vendored before today hashes cleanly and looks
# correct. Until now the guarantee was only that a file EXISTS at the path the
# manifest names, in a repo refs.lock pins; its contents were never checked.
#
# What they do buy: drift from today is detectable. A file edited, truncated
# or replaced changes its hash and the check fires. That closes the window
# going forward without pretending to close the one behind us.
#
# Verify:  python3 scripts/check_refs_hashes.py
# 47 hashed, 22 named in the manifest and absent from disk.
file_hashes:
  refs/axi/src/axi_atop_filter.sv: {sha256: 65556ca9b151496e7e67f625d173e4a40b9de34a82bd877b6182099f539ab9b1, bytes: 16566}
  refs/axi/src/axi_burst_splitter.sv: {sha256: 658a192648b7845af6526794d0e8d9c9031252ee09c5e20d7caf33f585387d4f, bytes: 3497}
  refs/axi/src/axi_demux.sv: {sha256: 3c165a36d2efd88e0714d2e20dcea9375c0e211b0091252e6b082b884b9fd23b, bytes: 11100}
  refs/axi/src/axi_id_remap.sv: {sha256: 299d6e889e54dd1d872e649608d66569f5c1bfc2d422903f985b75d4a4974a15, bytes: 32119}
  refs/axi/src/axi_lite_xbar.sv: {sha256: 3ffa30755647a1a7aa3923e4ab03cd31d237934e3dc1a0a537c63e95aad8cb9e, bytes: 13778}
  refs/axi/src/axi_pkg.sv: {sha256: 244bd5cb3c5bc58d786f2ed2f5eeefd910c4fe03a175f4a2888c6a2ea1c430dc, bytes: 26577}
  refs/basejump_stl/bsg_misc/bsg_defines.sv: {sha256: fdda4920183dbfdd6ed11b80baae53cb33295239b9069ff5b0fea3d61abe4281, bytes: 9569}
  refs/common_cells/src/cdc_fifo_gray.sv: {sha256: 1592390f962a957869ecb55e93e3ebfa2dfec61070ea2b7a60624cd42aa40835, bytes: 10760}
  refs/common_cells/src/cf_math_pkg.sv: {sha256: bbf0614771ceb9526356bb8e5234787324ef215884bc11b4aa27e91fc3cc8910, bytes: 2993}
  refs/common_cells/src/id_queue.sv: {sha256: 103c09c4ef9861f8274ceed40436ed89884eb993067b0bb587b9fcf19bdc69fb, bytes: 18061}
  refs/common_cells/src/rr_arb_tree.sv: {sha256: f72bc188ea8253230a722bfb6436ab31b6e41c26020fa4ba4eebd93025984f7e, bytes: 14558}
  refs/common_cells/src/spill_register.sv: {sha256: 97bf85128f538c54c749896b8eee5fcfe4b27c16845d2a17990979a63b09f2ec, bytes: 1381}
  refs/cva6/core/ariane_regfile_ff.sv: {sha256: e8b86693adf85bcdbfb40b650698fc38f675d840213be55eff1468bff273e95f, bytes: 3129}
  refs/cva6/core/frontend/bht.sv: {sha256: a80924695e868d5ae1d96874af8a3accd82d14b522d1fef1c39cc059744879e0, bytes: 13971}
  refs/cva6/core/frontend/btb.sv: {sha256: 6848d908494a9686389aba7ac02b30ec36bb8a2b4bee90dfd0590772305d6e69, bytes: 8034}
  refs/cva6/core/frontend/ras.sv: {sha256: 27d447b38c9ac3b8523c15c2e20545f0992b3361633f1897e23acff169bd8cf4, bytes: 2402}
  refs/cva6/core/include/ariane_pkg.sv: {sha256: f492b1dda7044c4d202df1a1e4609a53fbecc94ad3f08b5d6d9a150b4569d2d7, bytes: 25022}
  refs/cva6/core/include/instr_tracer_pkg.sv: {sha256: 3f34a7641475f7ee7cbbebe5a1aaae61917518328cb425551c43e0bec05b195a, bytes: 12276}
  refs/cva6/core/load_store_unit.sv: {sha256: ce091f34f60e489a79d335548355e7d69e7dcd3982f8ece835ce9df2baf72a78, bytes: 34214}
  refs/cva6/core/scoreboard.sv: {sha256: dd816cdefd64817737e11ed79dbf91ce0d9d7361c08806a5f7f4883468791022, bytes: 15379}
  refs/cva6/core/serdiv.sv: {sha256: 7b4d4b0be7512ec025fd3f4cec4e140e2f4466115237dd244fabc6b2095425f6, bytes: 8836}
  refs/cva6/core/store_buffer.sv: {sha256: 523de0930e91e54e7a69e1301eca34d8aeb6ef368b523054be66d7b80205b946, bytes: 15127}
  refs/cvfpu/src/fpnew_cast_multi.sv: {sha256: 2298be638b66e8fb9072124938063925ce0b494a0f309ab709c188ea3aadbd91, bytes: 67022}
  refs/cvfpu/src/fpnew_divsqrt_multi.sv: {sha256: ed20094356b40cf2af76e913cc7aa9535ebbbc59b0e70822bf54efe609c8895c, bytes: 17554}
  refs/cvfpu/src/fpnew_fma.sv: {sha256: f46700037a6f9efe9b74855d3d21ebaeaf42f5dd522b9e812bbc56ad7193ec71, bytes: 35746}
  refs/cvfpu/src/fpnew_pkg.sv: {sha256: a3e8b15beb8d4b841fad7499ed403fbebf93fe2518d529fe190033cdcb21ed3c, bytes: 29530}
  refs/hwpe-stream/rtl/basic/hwpe_stream_merge.sv: {sha256: 9a35e6ca7915ee4833b42f9189d5a6d6ad7bca86a42c49e062e86cfa6f649c31, bytes: 3334}
  refs/hwpe-stream/rtl/basic/hwpe_stream_split.sv: {sha256: e9de2c4287064447502fadcde7fb8d2f0a7a25f266db2abfad2df5366da5e65f, bytes: 3458}
  refs/hwpe-stream/rtl/fifo/hwpe_stream_fifo_earlystall.sv: {sha256: a21f361d3c794b4c5864be7fa4cadf187e75b8ad020fedad28cba2598c267cfc, bytes: 9751}
  refs/hwpe-stream/rtl/hwpe_stream_interfaces.sv: {sha256: b6b0516c3c0f4efd2c7ced09feb4e5bea1c98c74d0c52540b7a7ff238e35e7a2, bytes: 4571}
  refs/hwpe-stream/rtl/hwpe_stream_package.sv: {sha256: c2f7b0efcb60cd4dbeeb31552578588b15a941bd886c0501e38f68d8680e91f4, bytes: 4738}
  refs/idma/src/idma_pkg.sv: {sha256: 298b53b5c12edaa3f4ef5cb6b297bcb20c55fd2eace2c4143e11726f039d67d6, bytes: 3177}
  refs/ne16/rtl/ne16_package.sv: {sha256: 9aa14987f8c9f515a597606d35e2345d4abcc34f1f0f5f9b206b3f06c3cca811, bytes: 21395}
  refs/redmule/rtl/redmule_ctrl.sv: {sha256: 2cbc888c4c762e5609c6dd3b51a9e8e81b78d211e5f1520a7aa805872ad31296, bytes: 7495}
  refs/redmule/rtl/redmule_pkg.sv: {sha256: 454f594b41b2429536c33cf1a87cb94cebe577a2544e9c1c679188af020be67a, bytes: 7485}
  refs/redmule/rtl/redmule_scheduler.sv: {sha256: 45e0917f26b87b524340f3ea9cc304ed96a7727085585f1baad52c5542d134db, bytes: 34372}
  refs/verilog-axis/rtl/arbiter.v: {sha256: d54d337db4812f927b2e9b5788dfa39f9bd578ad01b7846c5fa7f2610b0923fa, bytes: 4993}
  refs/verilog-axis/rtl/axis_adapter.v: {sha256: 42e8a1289d4aa2dfd90785c983d3f5790c9c4a2cb957cfd42ea1d39435032c67, bytes: 12811}
  refs/verilog-axis/rtl/axis_arb_mux.v: {sha256: bee8d11f32f7fb1c5afdd6cdad872cd7de9dc94bcb4787f9aa119f2ebbc489a6, bytes: 11633}
  refs/verilog-ethernet/rtl/arp.v: {sha256: 41e2301695fdfc1cc93252041107574a0ed040ba92c99d57dce73317804f4698, bytes: 17937}
  refs/verilog-ethernet/rtl/arp_cache.v: {sha256: d8b573a7582c08f67f90aba9316d98e5b0e0c5bbcbcd7a6935d6537e3f4aa2f8, bytes: 6952}
  refs/verilog-ethernet/rtl/arp_eth_rx.v: {sha256: 4113e03df063b91d64be4da8e455ba45d8251cecc8e66ec75cec93c518443bee, bytes: 11674}
  refs/verilog-ethernet/rtl/arp_eth_tx.v: {sha256: 88be298ea8f236900416ebd3295aa2fa86a8785acc2b8edca87278afc2338f86, bytes: 13497}
  refs/verilog-ethernet/rtl/lfsr.v: {sha256: 5502c8203b0dfc7246c1a2de93e60c199ded3c1d7840b106350d714f72a9a079, bytes: 16327}
  refs/verilog-ethernet/rtl/mac_ctrl_rx.v: {sha256: b5c0eda334c078518adb5fb7db324ae966ebddba0031bc91cedd32b831137fb1, bytes: 16385}
  refs/verilog-ethernet/rtl/mac_ctrl_tx.v: {sha256: 48202a9a8f4b4e9688a4a0eac9dfe7492825be9f1f54a77590008db851b391c1, bytes: 14920}
  refs/verilog-ethernet/rtl/mac_pause_ctrl_tx.v: {sha256: c5de52ceae4cf7c048262132191b1e4c366deca15d931e4703f6a05eff789c5a, bytes: 11667}

# NAMED IN THE MANIFEST, ABSENT ON DISK -- recorded, not skipped:
#   refs/axi/include/axi/typedef.sv
#   refs/basejump_stl/bsg_cache/bsg_cache.v
#   refs/basejump_stl/bsg_cache/bsg_cache_non_blocking_mhu.v
#   refs/basejump_stl/bsg_cache/bsg_cache_non_blocking_miss_fifo.v
#   refs/basejump_stl/bsg_mem/bsg_mem_multiport.v
#   refs/basejump_stl/bsg_misc/bsg_lru_pseudo_tree_backup.v
#   refs/basejump_stl/bsg_misc/bsg_lru_pseudo_tree_decode.v
#   refs/basejump_stl/bsg_misc/bsg_lru_pseudo_tree_encode.v
#   refs/basejump_stl/bsg_noc/bsg_wormhole_router.v
#   refs/basejump_stl/bsg_noc/bsg_wormhole_router_input_control.v
#   refs/basejump_stl/bsg_noc/bsg_wormhole_router_output_control.v
#   refs/common_cells/include/common_cells/registers.sv
#   refs/common_cells/src/graycode.sv
#   refs/cordic/rtl/cordic.v
#   refs/cva6/core/mmu_sv39/tlb.sv
#   refs/darkriscv/rtl/darkriscv.v
#   refs/dspfilters/rtl/subfildown.v
#   refs/hwpe-stream/rtl/basic/hwpe_stream_fifo.sv
#   refs/idma/src/backend/idma_backend.sv
#   refs/ne16/rtl/array/ne16_compute_array.sv
#   refs/verilog-ethernet/rtl/axis_fifo.v
#   refs/verilog-ethernet/rtl/eth_mac_1g_rx.v
