# NOTE (post-cleanup): ai_d01, ca_d08 and nw_d01 were removed from domains/ as
# too easy to carry forward. Task ids below are the PHASE 0 RECORD of what was
# vendored and why, and are deliberately NOT edited -- rewriting them would
# falsify provenance. The vendored repos they name are still present and still
# used by other tasks. See RESULTS_ARCHIVE_V2_TASKS.md.
# refs.lock — Phase 0 output. Generated 2026-08-14.
#
# Pinned, licence-verified, elaboration-checked reference set for all 41 tasks.
# Everything after Phase 0 is offline. Nothing here may be re-fetched.

generated: 2026-08-14
verilator: "5.046 2026-02-28 rev vUNKNOWN-built20260228"
icarus: "13.0 (stable) v13_0"
yosys_host: "0.67+post (b8e7da6f)"
# BOUNDED, NOT PROVEN -- and the caveat is AT THE LINE deliberately. refs.lock is
# the machine-readable toolchain declaration and is read ON ITS OWN; a reader
# arriving here never sees CONVENTIONS.md 706-722, README.md 397, or F47, which is
# where every qualification used to live. Read alone this line said the project
# does formal equivalence checking. It does not: the ORFS image carries no SMT
# solver, so smtbmc cannot run on any design and every result is a BOUNDED model
# check via abc bmc3. A PASS is "no counterexample within the depth reached", never
# "equivalent". Only a counterexample proves anything, and it proves NON-equivalence
# (RULES.md 21). This is F47, in F104's shape: marked at the container, not at the
# line. Reported by AGENT-DESIGN-43a92055, whose sweep found no overclaim anywhere
# else -- zero hits for "proven equivalent", "formally verified", "equivalence
# proof", "exhaustively", "for all inputs" -- so this was the one live site.
formal: "eqy + sby v0.67 inside openroad/orfs:latest (read_slang frontend); no host install -- BOUNDED BMC ONLY (abc bmc3), no SMT backend in the image; a PASS is not a proof of equivalence"
scratch_dir: /Users/jackberkowitz/hw_rl_benchmark_refs_scratch

# ---------------------------------------------------------------------------
# VENDORED (in refs/, committed)
# ---------------------------------------------------------------------------
repos:
  - repo: https://github.com/bespoke-silicon-group/basejump_stl
    sha: b48037e28544425839dbd617d45b1a82631bc1a9
    licence: SHL-0.51          # catalog predicted BSD-3 — WRONG, still permissive
    licence_verified: true
    mode: vendor
    vendored_to: refs/basejump_stl/
    tasks: [ca_d01, ca_d03, ca_d05, nw_d05, ca_v06]
    path_correction: "ALL files are .sv upstream, catalog said .v"
    elaborates: true           # requires explicit -G params (BSG_INV_PARAM style)
    semantic_confirmed: partial   # ca_d03 YES, nw_d05 NO — see task_status

  - repo: https://github.com/pulp-platform/common_cells
    sha: 9ca8a7655f741e7dd5736669a20a301325194c28   # tag v1.39.0
    licence: SHL-0.51
    licence_verified: true
    mode: vendor
    vendored_to: refs/common_cells/
    tasks: [ca_v01, ca_v02, ca_v03]
    pin_reason: >
      master is a v2.0.0-beta refactor that prefixes every module cc_* and
      introduces cc_pkg. Every consumer in this manifest (axi 1.39.0, cvfpu
      1.21.0, idma 1.33.0, redmule 1.38.0, hwpe-* 1.39) requires the 1.x API.
      Vendoring master would have broken all of them. Pinned to v1.39.0, the
      lowest tag satisfying every consumer.
    elaborates: true
    semantic_confirmed: true

  - repo: https://github.com/pulp-platform/axi
    sha: 4da15979747f326bde2f9869c64e587ce599772c
    licence: SHL-0.51
    licence_verified: true
    mode: vendor
    vendored_to: refs/axi/
    tasks: [nw_d02, nw_v01, nw_v02, nw_v03]
    elaborates: partial        # xbar OK; id_remap/atop_filter need concrete types
    semantic_confirmed: true   # and nw_d02 is confirmed NOT what the catalog says

  - repo: https://github.com/pulp-platform/cvfpu
    sha: 6e5267e2fe75198f91ef9304ddd56c0028eea526
    licence: SHL-0.51          # per-file SPDX; repo has NO top-level LICENSE
    licence_verified: true
    licence_note: "vendor/opene906 subtree is Apache-2.0 -> dsp_v02 SURVIVES"
    mode: vendor
    vendored_to: refs/cvfpu/
    tasks: [dsp_d04, dsp_v01, dsp_v02, dsp_v03]
    elaborates: true           # all three tops lint clean
    semantic_confirmed: true

  - repo: https://github.com/pulp-platform/fpu_div_sqrt_mvp
    sha: 917dd79cb2dc1a8f43df1a84e0e4231508a980e9
    licence: SHL-0.51
    licence_verified: true
    mode: vendor
    vendored_to: refs/fpu_div_sqrt_mvp/
    tasks: [dsp_v02]
    added_in_phase0: true
    reason: "defines div_sqrt_top_mvp, instantiated by fpnew_divsqrt_multi; not in cvfpu"

  - repo: https://github.com/pulp-platform/hwpe-stream
    sha: 24ce836892e244ac00ce607d26a3b3df8650dbff
    licence: SHL-0.51
    licence_verified: true
    mode: vendor
    vendored_to: refs/hwpe-stream/
    tasks: [ai_d04, ai_v02]
    path_correction: "hwpe_stream_fifo.sv is rtl/fifo/, not rtl/basic/"
    elaborates: true
    semantic_confirmed: true

  - repo: https://github.com/pulp-platform/ne16
    sha: 6bd727206d49e5febbe4d1037eda91d064d203e1
    licence: SHL-0.51          # LICENSE.hw / LICENSE.sw, no plain LICENSE
    licence_verified: true
    mode: vendor
    vendored_to: refs/ne16/
    tasks: [ai_d02]
    path_correction: "no ne16_compute_array.sv; array is ne16_binconv_{array,block,column}.sv"
    elaborates: false          # needs cluster_clock_gating, absent from all clones
    semantic_confirmed: false  # binary-conv oriented, NOT a plain INT8 OS MAC tile

  - repo: https://github.com/pulp-platform/redmule
    sha: 7fa9fbe8a29e8572810ae12b92c19749045ac860
    licence: SHL-0.51
    licence_verified: true
    mode: vendor
    vendored_to: refs/redmule/
    tasks: [ai_v03]
    elaborates: false          # needs fpnew_pkg + tc_clk_gating wiring

  - repo: https://github.com/pulp-platform/idma
    sha: 3c0cc3fbaa8f4b35f82cc028b795cb12c35f90d9
    licence: SHL-0.51
    licence_verified: true
    mode: vendor
    vendored_to: refs/idma/
    tasks: [ai_v01]
    generated_rtl: true
    generator_versions: {mako: "1.4.1", pyyaml: "6.0.3", python: "3.14.4"}
    generation_deterministic: true    # regeneration is byte-identical, sha256 confirmed
    generated_sha256: d386c77e561783c5   # first 16 hex of idma_backend_rw_axi.sv
    generation_note: >
      No checked-in idma_backend.sv — it is mako-templated. Generation runs
      FULLY OFFLINE (util/gen_idma.py + src/db/*.yml + src/backend/tpl/).
      Generated refs/idma/generated/idma_backend_rw_axi.sv (705 lines) during
      the network window; generator, templates and DB inputs are vendored so
      it is reproducible. ai_v01 is NOT cut.
    module_name: idma_backend_rw_axi    # not "idma_backend"
    elaborates: false          # type-parameterized; needs concrete-type wrapper

  # PULP support repos — dependency closure, added in Phase 0 under your
  # standing authorization. All SHL-0.51, all dependencies not anchors.
  - {repo: https://github.com/pulp-platform/hwpe-ctrl, sha: 558fe3db3413909878c03aed543257d94a57bae5, licence: SHL-0.51, licence_verified: true, mode: vendor, vendored_to: refs/hwpe-ctrl/, reason: redmule/ne16 dependency, added_in_phase0: true}
  - {repo: https://github.com/pulp-platform/hci, sha: d6a4872b6327a4da7749cd0c4ac8bd24e1b0d73b, licence: SHL-0.51, licence_verified: true, mode: vendor, vendored_to: refs/hci/, reason: "hci_package, required by ne16+redmule", added_in_phase0: true}
  - {repo: https://github.com/pulp-platform/tech_cells_generic, sha: 81dc29f14024343e8c14a674718121517d729549, licence: SHL-0.51, licence_verified: true, mode: vendor, vendored_to: refs/tech_cells_generic/, reason: "tc_clk_gating etc.", added_in_phase0: true}

  - repo: https://github.com/nvdla/hw
    sha: 8e06b1b9d85aab65b40d43d08eec5ea4681ff715
    licence: NVIDIA Open HW
    licence_verified: true
    mode: vendor
    vendored_to: refs/nvdla_hw/
    tasks: [ai_v04, ai_d01, ai_d02]
    path_correction: "there is NO nv_small/ directory; RTL lives at vmod/nvdla/<unit>/"
    elaborates: not_checked    # Verilog-2001 multi-file assembly, Part 2 scope

  - repo: https://github.com/alexforencich/verilog-axis
    sha: 48ff7a7e2ef782cf778d47910cf85835c64b1bce
    licence: MIT
    licence_verified: true
    mode: vendor
    vendored_to: refs/verilog-axis/
    tasks: [nw_d01, nw_v05]
    elaborates: true
    semantic_confirmed: true

  - repo: https://github.com/alexforencich/verilog-ethernet
    sha: 77320a9471d19c7dd383914bc049e02d9f4f1ffb
    licence: MIT
    licence_verified: true
    mode: vendor
    vendored_to: refs/verilog-ethernet/
    tasks: [nw_d03, nw_d04, nw_v04, nw_v06]
    path_correction: >
      eth_mac_1g_rx.v does not exist. The 1G receive datapath is
      rtl/axis_gmii_rx.v (wrapped by rtl/eth_mac_1g.v). nw_v06 re-anchored.
    elaborates: true
    semantic_confirmed: true   # lfsr.v documents CRC32 Ethernet FCS 32'h04c11db7

  - repo: https://github.com/openhwgroup/cva6
    sha: 6cb200105fb9441d170e45786125a737fab98e91
    licence: SHL-0.51          # catalog predicted Apache-2.0 — WRONG for core/
    licence_verified: true
    mode: vendor
    vendored_to: refs/cva6/
    tasks: [ca_d02, ca_d04, ca_d05, ca_d06, ca_v04, ca_v05, ca_v07]
    path_corrections:
      - "core/mmu_sv39/tlb.sv -> core/cva6_mmu/cva6_tlb.sv"
      - "core/ariane_regfile_ff.sv declares module `ariane_regfile`, not `ariane_regfile_ff`"
    elaborates: partial        # serdiv + ariane_regfile clean; rest need concrete types
    semantic_confirmed: true

# ---------------------------------------------------------------------------
# NOT VENDORED — consulted in scratch only
# ---------------------------------------------------------------------------
  - repo: https://github.com/lowRISC/opentitan
    sha: e6fb888ff636ad15425df7316b6429a9f3d336b0
    licence: Apache-2.0
    licence_verified: true
    mode: cross_check_only     # contamination exclusion, not a licence one
    vendored_to: null
    tasks: [ca_d07]

  - repo: https://github.com/ZipCPU/cordic
    sha: 8ede08a1865d87a357a3a2c188206e843dd9bde6
    licence: GPL-3.0-or-later  # confirmed in rtl/cordic.v header
    licence_verified: true
    mode: model_of_record
    vendored_to: null
    tasks: [dsp_d01]

  - repo: https://github.com/ZipCPU/dspfilters
    sha: 16d7dc3b23af167759693da9caff7c7111805873
    licence: LGPL              # confirmed in rtl/subfildown.v header
    licence_verified: true
    mode: model_of_record
    vendored_to: null
    tasks: [dsp_d02]

  - repo: https://github.com/olofk/serv
    sha: 41e8aeedfd1e9ad5f95902c5b0dfc83d1c99e5d2
    licence: ISC
    licence_verified: true
    mode: cross_check_only
    vendored_to: null
    tasks: [ca_d08]

  - repo: https://github.com/darklife/darkriscv
    sha: 4aa437997cd35253c9111f10a449de13ccaeee78
    licence: BSD
    licence_verified: true
    mode: cross_check_only
    vendored_to: null
    tasks: [ca_d08]
    note: "both cloned per your approval; usable-oracle choice made empirically in ca_d08"

# ---------------------------------------------------------------------------
# TASK STATUS
# ---------------------------------------------------------------------------
# ---------------------------------------------------------------------------
# CATALOG v3 (hard rebuild) -- anchor availability audit, 2026-08-14
# ---------------------------------------------------------------------------
# All 32 v3 anchors resolve inside the 21 repos pinned above. NO network was
# needed and none is available. 29 were already in refs/; 3 existed only in the
# local full clones under scratch_dir and were copied across at the SAME pinned
# SHAs:
#   d_nw03  verilog-axis/rtl/axis_switch.v      (+ axis_demux, axis_register, axis_fifo)
#   v_nw04  verilog-ethernet/rtl/ptp_clock.v    (+ ptp_clock_cdc, ptp_perout, ptp_td_leaf)
#   d_ai02  nvdla_hw/vmod/nvdla/cacc + cdma     (40 files)
# All three elaborate standalone. Recorded so the tree is self-sufficient if the
# scratch clones are ever deleted.
v3_anchor_audit:
  anchors_total: 32
  resolved_in_refs: 32
  required_network: false
  newly_vendored_from_scratch: [axis_switch, ptp_clock, nvdla_cacc, nvdla_cdma]

task_status:
  # --- cut before Phase 0 ---
  dsp_v04: {cut: true, reason: model_of_record_not_valid_for_verification}

  # --- semantic mismatches: RESOLVED. Governing principle: the spec follows
  #     the reference, never the reverse. ---
  nw_d02:
    semantic_confirmed: false
    finding: >
      axi_burst_splitter's own docstring reads "Split AXI4 bursts into
      single-beat transactions." Zero occurrences of 4096 / 0x1000 / page.
    decision: RESTATED_AS_BEAT_SPLITTING
    anchor_retained: refs/axi/src/axi_burst_splitter.sv
    note: >
      A 4 KiB-boundary variant is a possible harder task later, with this module
      as a CORRECTNESS but not OPTIMALITY reference: single-beat splitting
      trivially satisfies a 4 KiB constraint, so it passes a 4 KiB TB without
      being a minimal solution. Recorded in the task NOTES.md when built.
  nw_d05:
    semantic_confirmed: false
    finding: >
      "credit" appears ZERO times in bsg_wormhole_router*.sv, and bsg_noc has NO
      virtual-channel concept at all. All three candidate re-anchors
      (bsg_wormhole_concentrator_in, bsg_router_crossbar_o_by_i,
      bsg_mesh_router_buffered) merely gate on a use_credits_p parameter and emit
      a delayed yumi as a credit RETURN — none counts credits. Real credit
      counting lives in bsg_flow_counter / bsg_ready_to_credit_flow_converter,
      which are not wormhole modules.
    decision: RESTATED_AS_READY_VALID_YUMI    # fallback path, none of the 3 was a clean fit
    anchor: refs/basejump_stl/bsg_noc/bsg_wormhole_router{,_input_control,_output_control}.sv
    spec_changes: ["drop 'credit'", "drop 'per-VC'", "keep head/body/tail flit tracking (real, in _input_control flit counter)"]
  ai_d02:
    semantic_confirmed: false
    finding: >
      BOTH catalog anchors rejected. ne16 array is ne16_binconv_* (binary/mixed
      precision, not INT8 OS) and fails to elaborate (cluster_clock_gating absent
      from every approved repo). NVDLA CMAC carries 297 fp16/Winograd references
      — a multi-precision Winograd convolution MAC — and its project-spec macro
      headers are not in the tree, so it needs NVDLA's build flow to elaborate.
      Neither admits a thin shim.
    decision: MODEL_OF_RECORD_DESIGN_TASK     # NOT converted to verification
    oracle: "locally-written bit-exact Python model of the 4x4 OS INT8 tile + committed vectors"
    class: B
    second_source: true                       # stays on the mandatory list
    ne16_status: "vendored but no longer an anchor (redmule closure may want it)"

  # --- semantic confirmations (reference IS what the catalog claims) ---
  ca_d03: {semantic_confirmed: true, evidence: "mhu has is_secondary (tag&index match vs in-flight) + 'Dequeue and process secondary miss'"}
  nw_d01: {semantic_confirmed: true, evidence: "43 tkeep/tlast refs in axis_adapter.v"}
  nw_d03: {semantic_confirmed: true, evidence: "lfsr.v documents CRC32 Galois 32'h04c11db7, Ethernet FCS, invert final"}
  dsp_d04: {semantic_confirmed: true, evidence: "fpnew_pkg carries FP16ALT/bf16 + RNE round modes"}

  # --- shim feasibility (PROVISIONAL: from elaboration + coupling evidence) ---
  ca_d01: {shim_feasible: true,  note: "bsg_cache lints clean with concrete params; flat bsg-style ports"}
  ca_d02: {shim_feasible: false, converted_to: verification, note: "fails standalone elab; type-parameterized dcache/MMU structs — as predicted"}
  ca_d03: {shim_feasible: true,  note: "mhu + miss_fifo both lint clean with concrete params"}
  ca_d04: {shim_feasible: false, converted_to: verification, note: "bht/btb config-dependent bit ranges, ras struct member call — as predicted"}
  ca_d05: {shim_feasible: true,  note: "ariane_regfile lints clean"}
  ca_d06: {shim_feasible: false, converted_to: verification, note: "SWING TASK — store_buffer needs concrete dcache req/rsp types"}
  ca_d07: {mode: cross_check_only, shim: n/a}
  ca_d08: {mode: local_model, shim: n/a}

conversion_count: 3    # ca_d02, ca_d04, ca_d06 — AT your limit, not over it.
conversion_rule: "3 or fewer -> convert and continue. 4 -> CVA6 was the wrong anchor, stop."

# ==========================================================================
# PER-FILE SHA-256 -- ADDED 2026-08-17
# ==========================================================================
# WHAT THESE ATTEST, AND WHAT THEY DO NOT.
#
# They attest LOCAL STATE: the bytes on this disk when they were computed.
# THEY ARE NOT PROVENANCE. Nothing here has been checked against upstream at
# the pinned SHAs, and with egress closed nothing here CAN be -- so a file
# corrupted, patched or mis-vendored before today hashes cleanly and looks
# correct. Until now the guarantee was only that a file EXISTS at the path the
# manifest names, in a repo refs.lock pins; its contents were never checked.
#
# What they do buy: drift from today is detectable. A file edited, truncated
# or replaced changes its hash and the check fires. That closes the window
# going forward without pretending to close the one behind us.
#
# Verify:  python3 scripts/check_refs_hashes.py
# 47 hashed, 22 named in the manifest and absent from disk.
file_hashes:
  # GENERATED by scripts/gen_refs_lock.py from a Verilator --MMD
  # capture. Do not hand-edit: an entry added by hand is a claim
  # nobody measured, which is how this block came to guard 16 of the
  # 143 files the tasks actually read. Trailing comment names the
  # tasks whose closure contains the file.
  # 143 files, captured across 18 tops in 10 tasks.
  refs/axi/include/axi/assign.svh: {sha256: 8d6aa6ecc736515db75bb691e377b64753310c442e107757b99caabdf043b6cd, bytes: 45647}   # d_nw01
  refs/axi/include/axi/typedef.svh: {sha256: 63f095042c9183f977e95307df14ce0baa06b71121491a380af289f8b309482c, bytes: 14574}   # d_nw01
  refs/axi/src/axi_atop_filter.sv: {sha256: 65556ca9b151496e7e67f625d173e4a40b9de34a82bd877b6182099f539ab9b1, bytes: 16566}   # d_nw01
  refs/axi/src/axi_cut.sv: {sha256: b1e8e3c8480d9b2b2f5e15c81e40278a98d227e50f6003e68f2d86a98171f9aa, bytes: 9624}   # d_nw01
  refs/axi/src/axi_demux.sv: {sha256: 3c165a36d2efd88e0714d2e20dcea9375c0e211b0091252e6b082b884b9fd23b, bytes: 11100}   # d_nw01
  refs/axi/src/axi_demux_id_counters.sv: {sha256: fb1f48bf188a28e693f7fd977f1bc52c60234f21874bc9c02b75ccd0ed01945a, bytes: 5252}   # d_nw01
  refs/axi/src/axi_demux_simple.sv: {sha256: 6aa93c6c442db7b52f2daa9be0b4cfc5a79dc835abfd6ab65355950ed07558c2, bytes: 22181}   # d_nw01
  refs/axi/src/axi_err_slv.sv: {sha256: 904a47ccd9151e35971e5ea9d1ab2a386585addec4b8613185aca5b579fb4062, bytes: 8507}   # d_nw01
  refs/axi/src/axi_id_prepend.sv: {sha256: 190b2f3fd55ab509dc25d4495694c3f5c4e91cbed8b79727b5543ef017a3348e, bytes: 8634}   # d_nw01
  refs/axi/src/axi_multicut.sv: {sha256: 2dd21cd472c3c448a35814b8614ad68eb7c8ab7a00ed89935371a2f5de5bec68, bytes: 8070}   # d_nw01
  refs/axi/src/axi_mux.sv: {sha256: a8c330c2efe8d758071b0c183fa7d2385171d85c2f81cc9734b7f83ab07b27ba, bytes: 25033}   # d_nw01
  refs/axi/src/axi_pkg.sv: {sha256: 244bd5cb3c5bc58d786f2ed2f5eeefd910c4fe03a175f4a2888c6a2ea1c430dc, bytes: 26577}   # d_ca05,d_nw01
  refs/axi/src/axi_xbar.sv: {sha256: 222aba262630924335e5ce0a0a905f0192aa4e7dacac90b2f8627f7c2cc1b6f7, bytes: 12028}   # d_nw01
  refs/axi/src/axi_xbar_unmuxed.sv: {sha256: 6449bcb0366e3e89af3a72471051e5a231fa4d0b05e0e59bd095a33c3487f510, bytes: 16217}   # d_nw01
  refs/basejump_stl/bsg_cache/bsg_cache_non_blocking.sv: {sha256: 1b9d9c3c798cc4e851e88e2153defb4f168b2443c9cbef8f6751bfed8f13c12d, bytes: 16369}   # d_ca01
  refs/basejump_stl/bsg_cache/bsg_cache_non_blocking.svh: {sha256: b11569e4e88bb5f0576d6cff92045852b2369457b49d3638923937dbdb1dcc22, bytes: 7460}   # d_ca01
  refs/basejump_stl/bsg_cache/bsg_cache_non_blocking_data_mem.sv: {sha256: 449581993b06d520e286c0a8825330c0cb00f4666b9d738eab7741a5f64a89fb, bytes: 5207}   # d_ca01
  refs/basejump_stl/bsg_cache/bsg_cache_non_blocking_decode.sv: {sha256: af80dafc2982512504a72862bca219ab91ff18d593044fc0dc3bdeb07b259c59, bytes: 1705}   # d_ca01
  refs/basejump_stl/bsg_cache/bsg_cache_non_blocking_dma.sv: {sha256: 1facafe95ba1217fa91746d7fc3923b5bd75bbd21796e682980584f709055541, bytes: 8913}   # d_ca01
  refs/basejump_stl/bsg_cache/bsg_cache_non_blocking_mhu.sv: {sha256: 0abc231c30233d381017b77278b1747fdb6fbdcc622d5f8a15dcdcc78a34afa9, bytes: 27300}   # d_ca01
  refs/basejump_stl/bsg_cache/bsg_cache_non_blocking_miss_fifo.sv: {sha256: 9c0329c3c14f56c45559647f20b5502c297a697752ecdf0972038da10bdceb76, bytes: 8037}   # d_ca01
  refs/basejump_stl/bsg_cache/bsg_cache_non_blocking_pkg.sv: {sha256: bc46e83f5316f81bfab6f98483e40f91b8d8b4efd9b95d7524d78add9b1fa71e, bytes: 2843}   # d_ca01
  refs/basejump_stl/bsg_cache/bsg_cache_non_blocking_stat_mem.sv: {sha256: 11649d22c7559494d657af795f7aa4cba17fbe75c383de95bfbc0c0b9ccaa704, bytes: 3980}   # d_ca01
  refs/basejump_stl/bsg_cache/bsg_cache_non_blocking_tag_mem.sv: {sha256: ab83ea84b755528225f720464dec014c25c442a64f35c0dfb0b3280785f21a0b, bytes: 5317}   # d_ca01
  refs/basejump_stl/bsg_cache/bsg_cache_non_blocking_tl_stage.sv: {sha256: 25f6e1fabb2b02b6753717a61d803ceb25f656c294f05dfd5bc8b3bf2ac83689, bytes: 14562}   # d_ca01
  refs/basejump_stl/bsg_dataflow/bsg_fifo_1r1w_small.sv: {sha256: 092a13fec7717ce378c20e51784cf5cea3cc3c30b89f870da550690f862f385c, bytes: 1986}   # d_ca01
  refs/basejump_stl/bsg_dataflow/bsg_fifo_1r1w_small_hardened.sv: {sha256: e3a9dfd225de6faa766b1263737b7b9de79ca96401bae478f4c0d187cc7f41ab, bytes: 4897}   # d_ca01
  refs/basejump_stl/bsg_dataflow/bsg_fifo_1r1w_small_unhardened.sv: {sha256: 9b80dd3776fde67cfeaf02c1ed61eae449d33560388e1a475396a4ba75b9c5d1, bytes: 3024}   # d_ca01
  refs/basejump_stl/bsg_dataflow/bsg_fifo_tracker.sv: {sha256: fe0d58ef6c38cbc76f626d0d3093a8789bd2dd54a09afb7c05f9083b649ce6ec, bytes: 2677}   # d_ca01
  refs/basejump_stl/bsg_dataflow/bsg_two_fifo.sv: {sha256: fdd69f8798742775b6aa46259812c6c26c8c5d740aa9a46f516c4b07ae486cb5, bytes: 4468}   # d_ca01
  refs/basejump_stl/bsg_mem/bsg_mem_1r1w.sv: {sha256: 8c1b36effb9f1e2c2d1eba82e0412e45ec48ac2defe5563bd090e9cf56cc7019, bytes: 1821}   # d_ca01
  refs/basejump_stl/bsg_mem/bsg_mem_1r1w_sync.sv: {sha256: 4b746d8cd2cc31dcfca239da8993919feb1ff4493a76f091a78ea5328f5bb708, bytes: 3365}   # d_ca01
  refs/basejump_stl/bsg_mem/bsg_mem_1r1w_sync_synth.sv: {sha256: 423132b956383e4fd928fa8e5a7536c2b0dd6dbf22165e50e6b88457d9b1f0d3, bytes: 3498}   # d_ca01
  refs/basejump_stl/bsg_mem/bsg_mem_1r1w_synth.sv: {sha256: c07a724c4d907e09fc549f229c1b8664882cb6e1604f312d75ce2463cde28d65, bytes: 1326}   # d_ca01
  refs/basejump_stl/bsg_mem/bsg_mem_1rw_sync.sv: {sha256: bbbf0eceeff9dd118f9df74a4925b109781a1bfa98fa837bd8754fc7ea405aa1, bytes: 1848}   # d_ca01
  refs/basejump_stl/bsg_mem/bsg_mem_1rw_sync_mask_write_bit.sv: {sha256: 8a12023bdddb58a535e76335afcc3c03d61b2cf5bdfc3ceb7733633be8841463, bytes: 1725}   # d_ca01
  refs/basejump_stl/bsg_mem/bsg_mem_1rw_sync_mask_write_bit_synth.sv: {sha256: c0aa3aaf066edcbeb62044ad276ff9c2986a64a1537db94645cd217985dece77, bytes: 2946}   # d_ca01
  refs/basejump_stl/bsg_mem/bsg_mem_1rw_sync_mask_write_byte.sv: {sha256: ea95e4270760ff9aecfc45cf21747a93271f5ac844ea9cfdc980aa224ed1cd6b, bytes: 1813}   # d_ca01
  refs/basejump_stl/bsg_mem/bsg_mem_1rw_sync_mask_write_byte_synth.sv: {sha256: b69cb2b025b5f083d66aceec690023e420d08f7b4041439d1a90e88131c5124c, bytes: 1831}   # d_ca01
  refs/basejump_stl/bsg_mem/bsg_mem_1rw_sync_synth.sv: {sha256: 92b78b3b06ddecee7dd3f28c6c979fbe5a0c47d22a629ade7ec888c110927639, bytes: 2403}   # d_ca01
  refs/basejump_stl/bsg_misc/bsg_circular_ptr.sv: {sha256: e0a3705749543514b4ac898ad3aeed96bb9a78ec3f7354deb38ed3d9a90225dc, bytes: 2698}   # d_ca01
  refs/basejump_stl/bsg_misc/bsg_clkgate_optional.sv: {sha256: ccacfd114da3aac40cbf73627b26cda23a2763ebc12a7627181d535b0f440911, bytes: 1132}   # d_ca01
  refs/basejump_stl/bsg_misc/bsg_counter_clear_up.sv: {sha256: e1d18a02d60b07830890ec4d471b9b77221391daa28c9b48b1b681540b51d1c0, bytes: 1691}   # d_ca01
  refs/basejump_stl/bsg_misc/bsg_decode.sv: {sha256: 2cbfe961049b7004fe15db3c0aafa4bf0a8748608182c2f12c7dbd5a38f856d1, bytes: 465}   # d_ca01
  refs/basejump_stl/bsg_misc/bsg_decode_with_v.sv: {sha256: 4c28eb22d5add4d8e9fb07b600f18d7c54ed9480d31ad8ce1e6092d899274c3a, bytes: 431}   # d_ca01
  refs/basejump_stl/bsg_misc/bsg_defines.sv: {sha256: fdda4920183dbfdd6ed11b80baae53cb33295239b9069ff5b0fea3d61abe4281, bytes: 9569}   # d_ca01
  refs/basejump_stl/bsg_misc/bsg_dff.sv: {sha256: cf74ee1bc526b24a1f7e43c9fea566be0be3c2c377e0251bfd008f81df042685, bytes: 382}   # d_ca01
  refs/basejump_stl/bsg_misc/bsg_dff_en.sv: {sha256: 6afb19dc2da52eee8bc4b6188bfffcf0ec56d01974617a12755be5d842e5ddc7, bytes: 572}   # d_ca01
  refs/basejump_stl/bsg_misc/bsg_dff_en_bypass.sv: {sha256: 01e5fbaf38dc9c896c2a9febb077491193c4f1b37a8894970eaace6f3af79aa5, bytes: 624}   # d_ca01
  refs/basejump_stl/bsg_misc/bsg_dff_reset.sv: {sha256: 2706d0890b56f84185c23664bd056a4d885f32ec487441b64a2155650c95aae8, bytes: 471}   # d_ca01
  refs/basejump_stl/bsg_misc/bsg_dff_reset_en.sv: {sha256: 6ebc7b8a09b4f220869db7c0f81deb06b39e4fe17100c5a03185feadda653921, bytes: 622}   # d_ca01
  refs/basejump_stl/bsg_misc/bsg_dff_reset_set_clear.sv: {sha256: b548746f08897987e0e59b2feaa1b2b3cce7fc30157b2b3176d4a30c4e39ff36, bytes: 776}   # d_ca01
  refs/basejump_stl/bsg_misc/bsg_dlatch.sv: {sha256: b088ab2d94191e69ec6808ec1ffca15976fea1211d958fa96d0b968bbe9082b9, bytes: 598}   # d_ca01
  refs/basejump_stl/bsg_misc/bsg_encode_one_hot.sv: {sha256: 104e9721ee049127d747ac58b444f8069dfb0baba99e1bfdc3bb6856c1d7f9d1, bytes: 3424}   # d_ca01
  refs/basejump_stl/bsg_misc/bsg_expand_bitmask.sv: {sha256: 85758864347b4e3f049893bc484fdf6983d6fe4a2e8b3c0760c7e10df2acac70, bytes: 853}   # d_ca01
  refs/basejump_stl/bsg_misc/bsg_lru_pseudo_tree_backup.sv: {sha256: 8ae324a5e02cb86600f5db87572ea8afb5608c29ece75b324a324c7e94f812fc, bytes: 2447}   # d_ca01
  refs/basejump_stl/bsg_misc/bsg_lru_pseudo_tree_decode.sv: {sha256: 61fc1142eaa381ab69a5902f4219d2c88e13f09d00c36232434425f4b0b73af2, bytes: 1425}   # d_ca01
  refs/basejump_stl/bsg_misc/bsg_lru_pseudo_tree_encode.sv: {sha256: 6bb9688940f090318537dff5931e3ea803ed87b8e9ebd13995d5b4c22daf912e, bytes: 1679}   # d_ca01
  refs/basejump_stl/bsg_misc/bsg_mux.sv: {sha256: 6892a86cc3e4ef161a9c826765f159e7262beca27b9ac1a561f06b4f8c3f0b52, bytes: 731}   # d_ca01
  refs/basejump_stl/bsg_misc/bsg_mux_bitwise.sv: {sha256: e13cbaedf7b7f600724df68d0520034261f4da8efbebfaa9ac0f50ee39325e33, bytes: 518}   # d_ca01
  refs/basejump_stl/bsg_misc/bsg_mux_segmented.sv: {sha256: cf20342dd3b66fecbe9b1a4d1d2d1c2fe58d3522c4eaed2241d852089dbee574, bytes: 800}   # d_ca01
  refs/basejump_stl/bsg_misc/bsg_priority_encode.sv: {sha256: f9d6e31e5b2fe8df9a5d430250ad09e9cc47cecc3faf9b57f00828bf2ed416f3, bytes: 1177}   # d_ca01
  refs/basejump_stl/bsg_misc/bsg_priority_encode_one_hot_out.sv: {sha256: 5c61edc768dd97835c85973a072b6a0aa15be929a541ed288b1cd65854591094, bytes: 1299}   # d_ca01
  refs/basejump_stl/bsg_misc/bsg_scan.sv: {sha256: 1d298ca1db19c0e1ce3f3d5b36f25b7860088e347e43ed9ba716497b4750e1cb, bytes: 3607}   # d_ca01
  refs/common_cells/include/common_cells/assertions.svh: {sha256: d39c7afa893656e235b0019233c1bcf12491cd421639791c827cc53236bd4841, bytes: 10990}   # d_ai01,d_ca03,d_ca04,d_ca05,d_dsp01,d_dsp02,d_dsp03,d_nw01
  refs/common_cells/include/common_cells/registers.svh: {sha256: 532dfd1723d2936421b921235abdafcc8ca407990224992ca13575fdb620053a, bytes: 12202}   # d_ai01,d_ca04,d_dsp01,d_dsp02,d_dsp03,d_nw01
  refs/common_cells/src/addr_decode.sv: {sha256: 4d124ff240e5dd38cd3d4f73fc26754041e7105d4599eb581e6bed4bdc1cc34a, bytes: 4907}   # d_nw01
  refs/common_cells/src/addr_decode_dync.sv: {sha256: 8360f958a1a81c54e96dfbb9e5d3392c9c475b1b7a9ebb1e0c2dbbbbf8ec0b29, bytes: 8562}   # d_nw01
  refs/common_cells/src/binary_to_gray.sv: {sha256: 99e8a0bac473921d7e2c0f5e248f88705e3f44f9aeaa4d637cecf5fbf2a4d511, bytes: 904}   # d_ca04
  refs/common_cells/src/cdc_fifo_gray.sv: {sha256: 428f6b52d4c470f7904975f8be1170e7391eec502faea598e8c5cde5b1a8c494, bytes: 10844}   # d_ca04
  refs/common_cells/src/cf_math_pkg.sv: {sha256: bbf0614771ceb9526356bb8e5234787324ef215884bc11b4aa27e91fc3cc8910, bytes: 2993}   # d_ai01,d_ca03,d_ca04,d_dsp01,d_dsp02,d_dsp03,d_nw01
  refs/common_cells/src/counter.sv: {sha256: b7a9b5fc11ce4def51133f27ec0470a18ae7c8c6b1161f21c948ae848b693f58, bytes: 1584}   # d_nw01
  refs/common_cells/src/delta_counter.sv: {sha256: 95e28f8eaca7d5524081d51f2ea8b43a14bc8a5837dcf8f65080c09b85943636, bytes: 2925}   # d_nw01
  refs/common_cells/src/fifo_v3.sv: {sha256: 861ea44cbd3129731b77977da36fb0dac1a1350d7df664a1b4310423e7d272bc, bytes: 6308}   # d_nw01
  refs/common_cells/src/gray_to_binary.sv: {sha256: e8cc57b3e6a6accb91a5f204d0f71a95ec7383f9975c727b70fa49fa6bc72470, bytes: 943}   # d_ca04
  refs/common_cells/src/lfsr.sv: {sha256: 7d60db373881f6335bf20705503b67fdd5a720187a239135b927eea5edcf9a28, bytes: 12411}   # d_ca03
  refs/common_cells/src/lfsr_8bit.sv: {sha256: f72213c4f4fa09dad37e159e5eac3417f464b9d965c06ea3f2484a7cca538830, bytes: 1954}   # d_ca05
  refs/common_cells/src/lzc.sv: {sha256: f31989be4369ea7c4809c0c3d61df28581e9ac7666005fde6e476a975d1acd07, bytes: 4380}   # d_ai01,d_ca03,d_dsp01,d_dsp02,d_dsp03,d_nw01
  refs/common_cells/src/rr_arb_tree.sv: {sha256: f72bc188ea8253230a722bfb6436ab31b6e41c26020fa4ba4eebd93025984f7e, bytes: 14558}   # d_nw01
  refs/common_cells/src/spill_register.sv: {sha256: 97bf85128f538c54c749896b8eee5fcfe4b27c16845d2a17990979a63b09f2ec, bytes: 1381}   # d_ca04,d_nw01
  refs/common_cells/src/spill_register_flushable.sv: {sha256: 3285eb2e557f6377de88df91751b0bccdad07b16be9d926314a52a23e964f02c, bytes: 3605}   # d_ca04,d_nw01
  refs/common_cells/src/stream_register.sv: {sha256: 2e0e5b6d09ce4ade0881938ee042dcbc78438638fa2592338a374f88a3c27304, bytes: 1763}   # d_nw01
  refs/common_cells/src/sync.sv: {sha256: cc7605468d124b0af0d4b2d17323ade1f4093bc96999fab037b9dacac5fe5956, bytes: 1269}   # d_ca04
  refs/cva6/core/cache_subsystem/axi_adapter.sv: {sha256: 58e6a85435b4b4ea1090fee3067cd26f6cfaec1389e58d17dc7e823c69043389, bytes: 18909}   # d_ca05
  refs/cva6/core/cache_subsystem/miss_handler.sv: {sha256: 941a51abdab9c350a73d769267bc68815c70f4351a9171bc28235069a17e3e7b, bytes: 30351}   # d_ca05
  refs/cva6/core/cva6_mmu/cva6_mmu.sv: {sha256: 5913fbcbbc5b8a792c242c673b3d75763084331c2b65581defc69df405995f76, bytes: 32803}   # d_ca03
  refs/cva6/core/cva6_mmu/cva6_ptw.sv: {sha256: c115c4831d536df78e1ae7651385b898e0445c3eacaee7bb220a660bd3068fdf, bytes: 29801}   # d_ca03
  refs/cva6/core/cva6_mmu/cva6_shared_tlb.sv: {sha256: 3ac49fb19105e711fe25a83a730657a23df1ddde1a30b4d2e75212140adb73a4, bytes: 34740}   # d_ca03
  refs/cva6/core/cva6_mmu/cva6_tlb.sv: {sha256: 2390206bffb5d5b40193a8482ab71b849347866c08e716c3b4dd9c39da2ffe52, bytes: 26768}   # d_ca03
  refs/cva6/core/include/ariane_pkg.sv: {sha256: f492b1dda7044c4d202df1a1e4609a53fbecc94ad3f08b5d6d9a150b4569d2d7, bytes: 25022}   # d_ca03,d_ca05
  refs/cva6/core/include/build_config_pkg.sv: {sha256: b91c9cd6cae23c623381a19168713fd962449227b290a1bc1968613ea8830f16, bytes: 10274}   # d_ca03,d_ca05
  refs/cva6/core/include/config_pkg.sv: {sha256: 0238237ebfa805b3166b0cfb51fc70ca0d5044d2800c2bdec2961f3a9aa67f47, bytes: 18747}   # d_ca03,d_ca05
  refs/cva6/core/include/cv64a6_imafdc_sv39_config_pkg.sv: {sha256: 85cffba1039a851188e10938556872a856e132103a83ecca002a3e2fba7b8c35, bytes: 6928}   # d_ca03,d_ca05
  refs/cva6/core/include/riscv_pkg.sv: {sha256: ec71960e88f869f4045a1b5293cc87197e979fb2d4e5623ea4fcc1f9de6068cb, bytes: 38434}   # d_ca03,d_ca05
  refs/cva6/core/include/std_cache_pkg.sv: {sha256: a0e01186dfdb63a059fbc7ffcc7bde10322f337c39c05bd0a17ad67995ba668f, bytes: 1944}   # d_ca05
  refs/cva6/core/pmp/src/pmp.sv: {sha256: 9c2dce5d4bd2390a617882c282080dbf191c54f016b36b5e719672382c15c7b6, bytes: 2827}   # d_ca03
  refs/cva6/core/pmp/src/pmp_entry.sv: {sha256: 28d5044ccc095cfd676a966020b4913bf8a74c8bb5e02f4ca2af801273a88a65, bytes: 3968}   # d_ca03
  refs/cvfpu/src/fpnew_cast_multi.sv: {sha256: 2298be638b66e8fb9072124938063925ce0b494a0f309ab709c188ea3aadbd91, bytes: 67022}   # d_dsp03
  refs/cvfpu/src/fpnew_classifier.sv: {sha256: f60c930f3d306b3b22507e24cf3c78ffbc40ab02623b1226c92a136dc365734b, bytes: 3826}   # d_ai01,d_dsp02,d_dsp03
  refs/cvfpu/src/fpnew_divsqrt_multi.sv: {sha256: ed20094356b40cf2af76e913cc7aa9535ebbbc59b0e70822bf54efe609c8895c, bytes: 17554}   # d_dsp01,d_dsp03
  refs/cvfpu/src/fpnew_divsqrt_th_32.sv: {sha256: 28564034d9a8fc1caabad704f2db5602ec055625799fac15d468a53220565b5e, bytes: 23115}   # d_dsp03
  refs/cvfpu/src/fpnew_divsqrt_th_64_multi.sv: {sha256: 5436effe873707cc0ecaf60de9b5476f3739df7d8549adaabee2fbc7aab1535d, bytes: 23003}   # d_dsp03
  refs/cvfpu/src/fpnew_fma.sv: {sha256: f46700037a6f9efe9b74855d3d21ebaeaf42f5dd522b9e812bbc56ad7193ec71, bytes: 35746}   # d_dsp02
  refs/cvfpu/src/fpnew_fma_multi.sv: {sha256: e996b50147a8bf286c814704f11be34b090efc7d211cb6513d0e6c9dc1820bb8, bytes: 73946}   # d_dsp03
  refs/cvfpu/src/fpnew_mxdotp_multi.sv: {sha256: eb87e32149e8d3b58880456cd2f7842f1057ce4d49173b1a0528657ef36ce251, bytes: 61447}   # d_dsp03
  refs/cvfpu/src/fpnew_mxdotp_multi_wrapper.sv: {sha256: de6635ba2144c2a1d0ad77361fc6ae7ed8fed6e19016188023a9d3dbee6f908b, bytes: 10015}   # d_dsp03
  refs/cvfpu/src/fpnew_opgroup_multifmt_slice.sv: {sha256: 117679db526b771466107ed92055f2e01329d0afe214c9c82e7bd2a10961114d, bytes: 38733}   # d_dsp03
  refs/cvfpu/src/fpnew_pace_fma_multi.sv: {sha256: a19a9756a35905bbcff6a5651f99268bfee4f67387391d7d4fa00f263ea6796c, bytes: 17128}   # d_dsp03
  refs/cvfpu/src/fpnew_pkg.sv: {sha256: a3e8b15beb8d4b841fad7499ed403fbebf93fe2518d529fe190033cdcb21ed3c, bytes: 29530}   # d_ai01,d_dsp01,d_dsp02,d_dsp03
  refs/cvfpu/src/fpnew_rounding.sv: {sha256: b7ca1dcbe08ccd4eb0da15c4d514f1c23cc35be98d0363e832d518ebf4b3c543, bytes: 5341}   # d_ai01,d_dsp02,d_dsp03
  refs/cvfpu/src/fpnew_sdotp_multi.sv: {sha256: c862b471d05d983335e7d65ade3bbdef9ef792f5ef491d0fd501252777b037d5, bytes: 127818}   # d_dsp03
  refs/cvfpu/src/fpnew_sdotp_multi_wrapper.sv: {sha256: c09d1339701ae7d004e357b8d2a3416c9b4d2c31ca11c00b0f54d1681dd7675f, bytes: 8684}   # d_dsp03
  refs/cvfpu/src/lfsr_sr.sv: {sha256: 1c5838704de774cbaae271cc12d1036c246e4cd2d7a3ac60a6de2fd7da3c1287, bytes: 13155}   # d_ai01,d_dsp02,d_dsp03
  refs/cvfpu/src/mxdotp/fpnew_mxdotp_multi_pkg.sv: {sha256: f244a1fbe6d925cfcc92835dc6496d34af45b5d049cb049d5fff3e414e54fc3e, bytes: 6690}   # d_dsp03
  refs/cvfpu/src/pace/fpnew_pace_bound_select.sv: {sha256: e23cd1199fe260f69ee47e4d898374615c4afc7e06a59af9b669fe68de9a1543, bytes: 1317}   # d_dsp03
  refs/cvfpu/src/pace/fpnew_pace_cast.sv: {sha256: 68b2fa8f10ef89029c4d3a3d79eaf6976b6a5a845066d904d0fba6e476e26ad9, bytes: 3057}   # d_dsp03
  refs/cvfpu/src/pace/fpnew_pace_cmp.sv: {sha256: f50945b64d466bc6f52e173252056eea07fc82b29213546a873a39ee10ff383f, bytes: 5939}   # d_dsp03
  refs/cvfpu/src/pace/fpnew_pace_coeff_select.sv: {sha256: fa920bfa4a6480e48cddf1fa3f87863b2efe8eee620aff0ec52ffe0aeb6e746c, bytes: 1540}   # d_dsp03
  refs/cvfpu/src/pace/fpnew_pace_decast.sv: {sha256: 40a5a5c7098b0f06c3e17186329050253f68113d4ccb1e0eb8fea50a669db931, bytes: 2812}   # d_dsp03
  refs/cvfpu/src/pace/fpnew_pace_frexp.sv: {sha256: 0a37552fff1a60573e1a6b8b3a2555c4809337966507c5c4e331a1b498afa0a5, bytes: 5778}   # d_dsp03
  refs/cvfpu/src/pace/fpnew_pace_ldexp.sv: {sha256: 08b9d4dc997456ec85fc3dec909093ee2591a85de2ec417f1ed8d951f09c0f92, bytes: 4166}   # d_dsp03
  refs/cvfpu/src/pace/fpnew_pace_partition.sv: {sha256: ae0933e8dff92640fccefb2b1c62f2f1544f6e28ac4c928e9dc2526b64ec3a5a, bytes: 8537}   # d_dsp03
  refs/fpu_div_sqrt_mvp/hdl/control_mvp.sv: {sha256: 728111abd5a87e9f11e773dfbbb9ab8c7020b3423c896b569a55b865428fc216, bytes: 156580}   # d_dsp01
  refs/fpu_div_sqrt_mvp/hdl/defs_div_sqrt_mvp.sv: {sha256: 14814817e16137d2ac1d4f0960dd47d7ce9b3bc289e02d4e041ac4c1da93c08f, bytes: 3630}   # d_dsp01
  refs/fpu_div_sqrt_mvp/hdl/div_sqrt_top_mvp.sv: {sha256: 2abf0597d491fa7efc108d47dee6ea824017ac52e6361fda1aaeee50a3690367, bytes: 8195}   # d_dsp01
  refs/fpu_div_sqrt_mvp/hdl/iteration_div_sqrt_mvp.sv: {sha256: 3cbdd9c9cf821570611729691956c40a5e3307feca4004cd3aa5f757e034a742, bytes: 3228}   # d_dsp01
  refs/fpu_div_sqrt_mvp/hdl/norm_div_sqrt_mvp.sv: {sha256: e1647b866b4528256a7382e39e7c7054833ecdfc83c064c602b8f809c267bc4b, bytes: 20048}   # d_dsp01
  refs/fpu_div_sqrt_mvp/hdl/nrbd_nrsc_mvp.sv: {sha256: 2e405102c7704302823b9f44a51fecac89662ce0224cc902745f4f047ab08ef2, bytes: 6421}   # d_dsp01
  refs/fpu_div_sqrt_mvp/hdl/preprocess_mvp.sv: {sha256: 923b6f553151d4a803fe4450e8c439ea20059e9937f173c0207eeadfbcae9bab, bytes: 16292}   # d_dsp01
  refs/hci/rtl/common/hci_package.sv: {sha256: 15b735c27e33246c6dc7a4248ffba9541b5109759d9c918e09ba66ec36172d69, bytes: 3699}   # d_ai01
  refs/hwpe-stream/rtl/hwpe_stream_package.sv: {sha256: c2f7b0efcb60cd4dbeeb31552578588b15a941bd886c0501e38f68d8680e91f4, bytes: 4738}   # d_ai01
  refs/redmule/rtl/redmule_ce.sv: {sha256: 3110d611cf0b2716517cf793037d21ec7079353027393bfe9ae6db4f01267417, bytes: 22217}   # d_ai01
  refs/redmule/rtl/redmule_engine.sv: {sha256: 79b526ae5e67071d4f52b8ae49e47c16823f0a75f90ce59a6eff206fd63fff16, bytes: 6902}   # d_ai01
  refs/redmule/rtl/redmule_fma.sv: {sha256: cb20c6c7516a0d35fb8b5c2fac34f1959b54f9733434c7faa1b3ede3fa8553bc, bytes: 34915}   # d_ai01
  refs/redmule/rtl/redmule_noncomp.sv: {sha256: 432d393cdfa26c402fcbac9c18983cd6caf8733b1cb0d3e61b864050c7dd5966, bytes: 18209}   # d_ai01
  refs/redmule/rtl/redmule_pkg.sv: {sha256: 454f594b41b2429536c33cf1a87cb94cebe577a2544e9c1c679188af020be67a, bytes: 7485}   # d_ai01
  refs/redmule/rtl/redmule_row.sv: {sha256: c473632932e324dfae9881e7c0c6da7a46f04b09af792f441e21f432b25a6f87, bytes: 6117}   # d_ai01
  refs/tech_cells_generic/src/deprecated/cluster_clk_cells.sv: {sha256: 0bf54e372850c1af22264711d311d943718dc4c8d918e47cc98e9a8d07461d44, bytes: 1872}   # d_ai01
  refs/tech_cells_generic/src/rtl/tc_clk.sv: {sha256: 93e9747504fa1da6473560341febbfae6c5e917768633a84fc9ef12299293207, bytes: 3318}   # d_ai01
  refs/verilog-axis/rtl/arbiter.v: {sha256: d54d337db4812f927b2e9b5788dfa39f9bd578ad01b7846c5fa7f2610b0923fa, bytes: 4993}   # d_nw03
  refs/verilog-axis/rtl/axis_register.v: {sha256: 599fde2d6c2d806643bbffb7c444297e69a71871f962d4b741ec1914342e0d39, bytes: 10298}   # d_nw03
  refs/verilog-axis/rtl/axis_switch.v: {sha256: ccfe5eb62d5fead748bca36f22a0012599af46d2ec486c1bb091308234510e6f, bytes: 16739}   # d_nw03
  refs/verilog-axis/rtl/priority_encoder.v: {sha256: df28220d95b47df349a72803a9751aad331eb8e1435416e8686d00572a974dd5, bytes: 3253}   # d_nw03
# NAMED IN THE MANIFEST, ABSENT ON DISK -- recorded, not skipped:
#   refs/axi/include/axi/typedef.sv
#   refs/basejump_stl/bsg_cache/bsg_cache.v
#   refs/basejump_stl/bsg_cache/bsg_cache_non_blocking_mhu.v
#   refs/basejump_stl/bsg_cache/bsg_cache_non_blocking_miss_fifo.v
#   refs/basejump_stl/bsg_mem/bsg_mem_multiport.v
#   refs/basejump_stl/bsg_misc/bsg_lru_pseudo_tree_backup.v
#   refs/basejump_stl/bsg_misc/bsg_lru_pseudo_tree_decode.v
#   refs/basejump_stl/bsg_misc/bsg_lru_pseudo_tree_encode.v
#   refs/basejump_stl/bsg_noc/bsg_wormhole_router.v
#   refs/basejump_stl/bsg_noc/bsg_wormhole_router_input_control.v
#   refs/basejump_stl/bsg_noc/bsg_wormhole_router_output_control.v
#   refs/common_cells/include/common_cells/registers.sv
#   refs/common_cells/src/graycode.sv
#   refs/cordic/rtl/cordic.v
#   refs/cva6/core/mmu_sv39/tlb.sv
#   refs/darkriscv/rtl/darkriscv.v
#   refs/dspfilters/rtl/subfildown.v
#   refs/hwpe-stream/rtl/basic/hwpe_stream_fifo.sv
#   refs/idma/src/backend/idma_backend.sv
#   refs/ne16/rtl/array/ne16_compute_array.sv
#   refs/verilog-ethernet/rtl/axis_fifo.v
#   refs/verilog-ethernet/rtl/eth_mac_1g_rx.v
